
Microsoft Visual Studio Solution File, Format Version 12.00
# Visual Studio 14
VisualStudioVersion = 14.0.25123.0
MinimumVisualStudioVersion = 10.0.40219.1
Project("{FAE04EC0-301F-11D3-BF4B-00C04F79EFBC}") = "LUU.Web.UI", "LUU.Web.UI\LUU.Web.UI.csproj", "{BF3E66F8-0577-4990-99C3-1D119C4C3D9B}"
EndProject
Project("{FAE04EC0-301F-11D3-BF4B-00C04F79EFBC}") = "Sigma.Umbraco.Core", "..\..\Sigma.Umbraco.Core\Sigma.Umbraco.Core.csproj", "{9C453D92-8C63-4B48-9F24-B5A715A165BC}"
EndProject
Project("{FAE04EC0-301F-11D3-BF4B-00C04F79EFBC}") = "Sigma.Core", "..\..\Sigma.Core\Sigma.Core.csproj", "{51FE4EF8-6F72-4981-977C-9C300A678550}"
EndProject
Global
	GlobalSection(SolutionConfigurationPlatforms) = preSolution
		Debug|Any CPU = Debug|Any CPU
		Release|Any CPU = Release|Any CPU
	EndGlobalSection
	GlobalSection(ProjectConfigurationPlatforms) = postSolution
		{BF3E66F8-0577-4990-99C3-1D119C4C3D9B}.Debug|Any CPU.ActiveCfg = Debug|Any CPU
		{BF3E66F8-0577-4990-99C3-1D119C4C3D9B}.Debug|Any CPU.Build.0 = Debug|Any CPU
		{BF3E66F8-0577-4990-99C3-1D119C4C3D9B}.Release|Any CPU.ActiveCfg = Release|Any CPU
		{BF3E66F8-0577-4990-99C3-1D119C4C3D9B}.Release|Any CPU.Build.0 = Release|Any CPU
		{9C453D92-8C63-4B48-9F24-B5A715A165BC}.Debug|Any CPU.ActiveCfg = Debug|Any CPU
		{9C453D92-8C63-4B48-9F24-B5A715A165BC}.Debug|Any CPU.Build.0 = Debug|Any CPU
		{9C453D92-8C63-4B48-9F24-B5A715A165BC}.Release|Any CPU.ActiveCfg = Release|Any CPU
		{9C453D92-8C63-4B48-9F24-B5A715A165BC}.Release|Any CPU.Build.0 = Release|Any CPU
		{51FE4EF8-6F72-4981-977C-9C300A678550}.Debug|Any CPU.ActiveCfg = Debug|Any CPU
		{51FE4EF8-6F72-4981-977C-9C300A678550}.Debug|Any CPU.Build.0 = Debug|Any CPU
		{51FE4EF8-6F72-4981-977C-9C300A678550}.Release|Any CPU.ActiveCfg = Release|Any CPU
		{51FE4EF8-6F72-4981-977C-9C300A678550}.Release|Any CPU.Build.0 = Release|Any CPU
	EndGlobalSection
	GlobalSection(SolutionProperties) = preSolution
		HideSolutionNode = FALSE
	EndGlobalSection
EndGlobal
